schema: '2.0'
stages:
  data_ingestion:
    cmd: python src/data/data_ingestion.py
    deps:
    - path: params.yaml
      hash: md5
      md5: 0b5777030f92fcbf664679f43a9d890a
      size: 159
    - path: src/data/data_ingestion.py
      hash: md5
      md5: df05657e9bec7d476cd562cc0ce37b13
      size: 2853
    params:
      params.yaml:
        data_ingestion.random_state: 25
        data_ingestion.test_size: 0.2
    outs:
    - path: data/raw
      hash: md5
      md5: 376da52f9bede2d324fac0e758040b56.dir
      size: 817597
      nfiles: 2
  data_preprocessing:
    cmd: python src/data/data_preprocessing.py
    deps:
    - path: data/raw/test.csv
      hash: md5
      md5: 3199d0dfba939ca2d81a19e1ea3b55c5
      size: 162001
    - path: data/raw/train.csv
      hash: md5
      md5: fed2e6d603af5f0815b34cb5aeaab92b
      size: 655596
    - path: src/data/data_preprocessing.py
      hash: md5
      md5: 29b933d805b70a0a4d625bd5d42eda11
      size: 3505
    outs:
    - path: data/interim
      hash: md5
      md5: 1ce8e453c4bfb74e7cd41da2480a5b8c.dir
      size: 527936
      nfiles: 2
  feature_engineering:
    cmd: python src/features/feature_engineering.py
    deps:
    - path: data/interim/interim_test.csv
      hash: md5
      md5: 266c0871a6460efa53a6fd129ba417e9
      size: 103857
    - path: data/interim/interim_train.csv
      hash: md5
      md5: e8b41a44f28cbefd6eaba5754ca2cbd1
      size: 424079
    - path: src/features/feature_engineering.py
      hash: md5
      md5: 489003260b0ed94a878885ee24cd224e
      size: 3508
    params:
      params.yaml:
        feature_engineering.max_features: 10000
    outs:
    - path: data/processed
      hash: md5
      md5: af382a4f9e9dfcd77b22f3b03a295d23.dir
      size: 207658092
      nfiles: 2
    - path: models/vectorizer.joblib
      hash: md5
      md5: 59808ad8da4432f871f45072b167c47e
      size: 289259
  model_building:
    cmd: python src/model/model_building.py
    deps:
    - path: data/processed/train_bow.csv
      hash: md5
      md5: d8f4c72edbbfe6ad2b0569d7063d1046
      size: 166075270
    - path: params.yaml
      hash: md5
      md5: 0b5777030f92fcbf664679f43a9d890a
      size: 159
    - path: src/model/model_building.py
      hash: md5
      md5: 4c7c52551102f486d6c35b647c081d2f
      size: 2059
    params:
      params.yaml:
        model_building.C: 1
        model_building.penalty: l2
        model_building.solver: liblinear
    outs:
    - path: models/model.joblib
      hash: md5
      md5: 90e4f793699ff08bfef704f0bdbad2a6
      size: 179803
  model_evaluation:
    cmd: python src/model/model_evaluation.py
    deps:
    - path: data/processed/test_bow.csv
      hash: md5
      md5: 1e5492a2925169b878ed2f2f6b82965d
      size: 41582822
    - path: models/model.joblib
      hash: md5
      md5: 90e4f793699ff08bfef704f0bdbad2a6
      size: 179803
    - path: src/model/model_evaluation.py
      hash: md5
      md5: 5d779019e7e94f91c4560f57cfa2f97d
      size: 3809
    params:
      params.yaml:
        model_building.C: 1
        model_building.penalty: l2
        model_building.solver: liblinear
    outs:
    - path: reports/metrics.json
      hash: md5
      md5: 436142fc16447e6dc322b256c5de83f6
      size: 144
