schema: '2.0'
stages:
  data_ingestion:
    cmd: python src/data/data_ingestion.py
    deps:
    - path: params.yaml
      hash: md5
      md5: 90b2fa3660400f0331e603917e289410
      size: 159
    - path: src/data/data_ingestion.py
      hash: md5
      md5: df05657e9bec7d476cd562cc0ce37b13
      size: 2853
    params:
      params.yaml:
        data_ingestion.random_state: 11
        data_ingestion.test_size: 0.2
    outs:
    - path: data/raw
      hash: md5
      md5: 87117ad206dd3e678fcfe8e30574bb72.dir
      size: 817597
      nfiles: 2
  data_preprocessing:
    cmd: python src/data/data_preprocessing.py
    deps:
    - path: data/raw/test.csv
      hash: md5
      md5: e3d3b14b121a1da8fb2c3a74ef95fb0b
      size: 163738
    - path: data/raw/train.csv
      hash: md5
      md5: 3877762c7f737a973b18f51bcd2791d0
      size: 653859
    - path: src/data/data_preprocessing.py
      hash: md5
      md5: 29b933d805b70a0a4d625bd5d42eda11
      size: 3505
    outs:
    - path: data/interim
      hash: md5
      md5: 60d9380556433301f720aab07844ac1c.dir
      size: 527936
      nfiles: 2
  feature_engineering:
    cmd: python src/features/feature_engineering.py
    deps:
    - path: data/interim/interim_test.csv
      hash: md5
      md5: 98d9baea7f85e76dd91c97cec1b66bb4
      size: 105562
    - path: data/interim/interim_train.csv
      hash: md5
      md5: 6ae0d71ccd9aebd9cab613ae48cba1f7
      size: 422374
    - path: src/features/feature_engineering.py
      hash: md5
      md5: 489003260b0ed94a878885ee24cd224e
      size: 3508
    params:
      params.yaml:
        feature_engineering.max_features: 10000
    outs:
    - path: data/processed
      hash: md5
      md5: e17cd28d1c38a05c0e0a1fe4684d57c2.dir
      size: 207657952
      nfiles: 2
    - path: models/vectorizer.joblib
      hash: md5
      md5: 338412cf1776e01f14850a98974981cc
      size: 289189
  model_building:
    cmd: python src/model/model_building.py
    deps:
    - path: data/processed/train_bow.csv
      hash: md5
      md5: f38d83a7ab0c0823445272c2573eda34
      size: 166075200
    - path: params.yaml
      hash: md5
      md5: 90b2fa3660400f0331e603917e289410
      size: 159
    - path: src/model/model_building.py
      hash: md5
      md5: 4c7c52551102f486d6c35b647c081d2f
      size: 2059
    params:
      params.yaml:
        model_building.C: 1
        model_building.penalty: l2
        model_building.solver: liblinear
    outs:
    - path: models/model.joblib
      hash: md5
      md5: a77d043b92386a236226aa6788e7cf58
      size: 179723
  model_evaluation:
    cmd: python src/model/model_evaluation.py
    deps:
    - path: data/processed/test_bow.csv
      hash: md5
      md5: 6b26387cdd1a6bdc094e0e31892da76b
      size: 41582752
    - path: models/model.joblib
      hash: md5
      md5: a77d043b92386a236226aa6788e7cf58
      size: 179723
    - path: src/model/model_evaluation.py
      hash: md5
      md5: 4ac89202dacb5d2b5821374365826066
      size: 3866
    params:
      params.yaml:
        model_building.C: 1
        model_building.penalty: l2
        model_building.solver: liblinear
    outs:
    - path: reports/metrics.json
      hash: md5
      md5: fa1723be94fb030faddaedc5a081b428
      size: 144
